// !$*UTF8*$!
{
	archiveVersion = 1;
	classes = {
	};
	objectVersion = 51;
	objects = {

/* Begin PBXBuildFile section */
		140E124DECD0C0A9246D3C97 /* Pods_flixsterTests.framework in Frameworks */ = {isa = PBXBuildFile; fileRef = 6779C526B86373C4ED7E98F9 /* Pods_flixsterTests.framework */; };
		1AAFC95C07C9E3FCB4BE12A2 /* Pods_flixster_flixsterUITests.framework in Frameworks */ = {isa = PBXBuildFile; fileRef = A3A97D75B69B0BB57FE0BF72 /* Pods_flixster_flixsterUITests.framework */; };
		B72C30B825D880840056A312 /* MovieDetailsViewController.swift in Sources */ = {isa = PBXBuildFile; fileRef = B72C30B725D880840056A312 /* MovieDetailsViewController.swift */; };
		B72C30BE25D880C80056A312 /* Main.storyboard in Resources */ = {isa = PBXBuildFile; fileRef = B72C30BC25D880C80056A312 /* Main.storyboard */; };
		B72C30C325D882BD0056A312 /* MovieGridViewController.swift in Sources */ = {isa = PBXBuildFile; fileRef = B72C30C225D882BD0056A312 /* MovieGridViewController.swift */; };
		B72C30C825D886EF0056A312 /* MovieGridCell.swift in Sources */ = {isa = PBXBuildFile; fileRef = B72C30C725D886EF0056A312 /* MovieGridCell.swift */; };
		B72C30CD25D89AFC0056A312 /* VideoViewController.swift in Sources */ = {isa = PBXBuildFile; fileRef = B72C30CC25D89AFC0056A312 /* VideoViewController.swift */; };
		B76FF39625D491A8000616F4 /* MovieCell.swift in Sources */ = {isa = PBXBuildFile; fileRef = B76FF39525D491A8000616F4 /* MovieCell.swift */; };
		B7B393E725D31042002AE73F /* AppDelegate.swift in Sources */ = {isa = PBXBuildFile; fileRef = B7B393E625D31042002AE73F /* AppDelegate.swift */; };
		B7B393E925D31042002AE73F /* SceneDelegate.swift in Sources */ = {isa = PBXBuildFile; fileRef = B7B393E825D31042002AE73F /* SceneDelegate.swift */; };
		B7B393EB25D31042002AE73F /* MoviesViewController.swift in Sources */ = {isa = PBXBuildFile; fileRef = B7B393EA25D31042002AE73F /* MoviesViewController.swift */; };
		B7B393F025D31043002AE73F /* Assets.xcassets in Resources */ = {isa = PBXBuildFile; fileRef = B7B393EF25D31043002AE73F /* Assets.xcassets */; };
		B7B393F325D31043002AE73F /* LaunchScreen.storyboard in Resources */ = {isa = PBXBuildFile; fileRef = B7B393F125D31043002AE73F /* LaunchScreen.storyboard */; };
		B7B393FE25D31043002AE73F /* flixsterTests.swift in Sources */ = {isa = PBXBuildFile; fileRef = B7B393FD25D31043002AE73F /* flixsterTests.swift */; };
		B7B3940925D31043002AE73F /* flixsterUITests.swift in Sources */ = {isa = PBXBuildFile; fileRef = B7B3940825D31043002AE73F /* flixsterUITests.swift */; };
		E026D0EA312196C2C9AF5FF2 /* Pods_flixster.framework in Frameworks */ = {isa = PBXBuildFile; fileRef = C8628DEEB7066E8B50334A1A /* Pods_flixster.framework */; };
/* End PBXBuildFile section */

/* Begin PBXContainerItemProxy section */
		B7B393FA25D31043002AE73F /* PBXContainerItemProxy */ = {
			isa = PBXContainerItemProxy;
			containerPortal = B7B393DB25D31042002AE73F /* Project object */;
			proxyType = 1;
			remoteGlobalIDString = B7B393E225D31042002AE73F;
			remoteInfo = flixster;
		};
		B7B3940525D31043002AE73F /* PBXContainerItemProxy */ = {
			isa = PBXContainerItemProxy;
			containerPortal = B7B393DB25D31042002AE73F /* Project object */;
			proxyType = 1;
			remoteGlobalIDString = B7B393E225D31042002AE73F;
			remoteInfo = flixster;
		};
/* End PBXContainerItemProxy section */

/* Begin PBXFileReference section */
		0882612EC21ED97F8EF10C4E /* Pods-flixsterTests.release.xcconfig */ = {isa = PBXFileReference; includeInIndex = 1; lastKnownFileType = text.xcconfig; name = "Pods-flixsterTests.release.xcconfig"; path = "Target Support Files/Pods-flixsterTests/Pods-flixsterTests.release.xcconfig"; sourceTree = "<group>"; };
		293BA307ECC131B1FFAB32EC /* Pods-flixster-flixsterUITests.debug.xcconfig */ = {isa = PBXFileReference; includeInIndex = 1; lastKnownFileType = text.xcconfig; name = "Pods-flixster-flixsterUITests.debug.xcconfig"; path = "Target Support Files/Pods-flixster-flixsterUITests/Pods-flixster-flixsterUITests.debug.xcconfig"; sourceTree = "<group>"; };
		6779C526B86373C4ED7E98F9 /* Pods_flixsterTests.framework */ = {isa = PBXFileReference; explicitFileType = wrapper.framework; includeInIndex = 0; path = Pods_flixsterTests.framework; sourceTree = BUILT_PRODUCTS_DIR; };
		7513615E03EE6648DAA8FF03 /* Pods-flixster.release.xcconfig */ = {isa = PBXFileReference; includeInIndex = 1; lastKnownFileType = text.xcconfig; name = "Pods-flixster.release.xcconfig"; path = "Target Support Files/Pods-flixster/Pods-flixster.release.xcconfig"; sourceTree = "<group>"; };
		A3A97D75B69B0BB57FE0BF72 /* Pods_flixster_flixsterUITests.framework */ = {isa = PBXFileReference; explicitFileType = wrapper.framework; includeInIndex = 0; path = Pods_flixster_flixsterUITests.framework; sourceTree = BUILT_PRODUCTS_DIR; };
		B1912A2179B65903B13D7304 /* Pods-flixster.debug.xcconfig */ = {isa = PBXFileReference; includeInIndex = 1; lastKnownFileType = text.xcconfig; name = "Pods-flixster.debug.xcconfig"; path = "Target Support Files/Pods-flixster/Pods-flixster.debug.xcconfig"; sourceTree = "<group>"; };
		B72C30B725D880840056A312 /* MovieDetailsViewController.swift */ = {isa = PBXFileReference; fileEncoding = 4; lastKnownFileType = sourcecode.swift; path = MovieDetailsViewController.swift; sourceTree = "<group>"; };
		B72C30BD25D880C80056A312 /* Base */ = {isa = PBXFileReference; lastKnownFileType = file.storyboard; name = Base; path = Base.lproj/Main.storyboard; sourceTree = "<group>"; };
		B72C30C225D882BD0056A312 /* MovieGridViewController.swift */ = {isa = PBXFileReference; lastKnownFileType = sourcecode.swift; path = MovieGridViewController.swift; sourceTree = "<group>"; };
		B72C30C725D886EF0056A312 /* MovieGridCell.swift */ = {isa = PBXFileReference; lastKnownFileType = sourcecode.swift; path = MovieGridCell.swift; sourceTree = "<group>"; };
		B72C30CC25D89AFC0056A312 /* VideoViewController.swift */ = {isa = PBXFileReference; lastKnownFileType = sourcecode.swift; path = VideoViewController.swift; sourceTree = "<group>"; };
		B76FF39525D491A8000616F4 /* MovieCell.swift */ = {isa = PBXFileReference; lastKnownFileType = sourcecode.swift; path = MovieCell.swift; sourceTree = "<group>"; };
		B7B393E325D31042002AE73F /* flixster.app */ = {isa = PBXFileReference; explicitFileType = wrapper.application; includeInIndex = 0; path = flixster.app; sourceTree = BUILT_PRODUCTS_DIR; };
		B7B393E625D31042002AE73F /* AppDelegate.swift */ = {isa = PBXFileReference; lastKnownFileType = sourcecode.swift; path = AppDelegate.swift; sourceTree = "<group>"; };
		B7B393E825D31042002AE73F /* SceneDelegate.swift */ = {isa = PBXFileReference; lastKnownFileType = sourcecode.swift; path = SceneDelegate.swift; sourceTree = "<group>"; };
		B7B393EA25D31042002AE73F /* MoviesViewController.swift */ = {isa = PBXFileReference; lastKnownFileType = sourcecode.swift; path = MoviesViewController.swift; sourceTree = "<group>"; };
		B7B393EF25D31043002AE73F /* Assets.xcassets */ = {isa = PBXFileReference; lastKnownFileType = folder.assetcatalog; path = Assets.xcassets; sourceTree = "<group>"; };
		B7B393F225D31043002AE73F /* Base */ = {isa = PBXFileReference; lastKnownFileType = file.storyboard; name = Base; path = Base.lproj/LaunchScreen.storyboard; sourceTree = "<group>"; };
		B7B393F425D31043002AE73F /* Info.plist */ = {isa = PBXFileReference; lastKnownFileType = text.plist.xml; path = Info.plist; sourceTree = "<group>"; };
		B7B393F925D31043002AE73F /* flixsterTests.xctest */ = {isa = PBXFileReference; explicitFileType = wrapper.cfbundle; includeInIndex = 0; path = flixsterTests.xctest; sourceTree = BUILT_PRODUCTS_DIR; };
		B7B393FD25D31043002AE73F /* flixsterTests.swift */ = {isa = PBXFileReference; lastKnownFileType = sourcecode.swift; path = flixsterTests.swift; sourceTree = "<group>"; };
		B7B393FF25D31043002AE73F /* Info.plist */ = {isa = PBXFileReference; lastKnownFileType = text.plist.xml; path = Info.plist; sourceTree = "<group>"; };
		B7B3940425D31043002AE73F /* flixsterUITests.xctest */ = {isa = PBXFileReference; explicitFileType = wrapper.cfbundle; includeInIndex = 0; path = flixsterUITests.xctest; sourceTree = BUILT_PRODUCTS_DIR; };
		B7B3940825D31043002AE73F /* flixsterUITests.swift */ = {isa = PBXFileReference; lastKnownFileType = sourcecode.swift; path = flixsterUITests.swift; sourceTree = "<group>"; };
		B7B3940A25D31043002AE73F /* Info.plist */ = {isa = PBXFileReference; lastKnownFileType = text.plist.xml; path = Info.plist; sourceTree = "<group>"; };
		BF646E741FA7943CBEFAC359 /* Pods-flixsterTests.debug.xcconfig */ = {isa = PBXFileReference; includeInIndex = 1; lastKnownFileType = text.xcconfig; name = "Pods-flixsterTests.debug.xcconfig"; path = "Target Support Files/Pods-flixsterTests/Pods-flixsterTests.debug.xcconfig"; sourceTree = "<group>"; };
		C8628DEEB7066E8B50334A1A /* Pods_flixster.framework */ = {isa = PBXFileReference; explicitFileType = wrapper.framework; includeInIndex = 0; path = Pods_flixster.framework; sourceTree = BUILT_PRODUCTS_DIR; };
		CB84813ADB91674E8B8A00FE /* Pods-flixster-flixsterUITests.release.xcconfig */ = {isa = PBXFileReference; includeInIndex = 1; lastKnownFileType = text.xcconfig; name = "Pods-flixster-flixsterUITests.release.xcconfig"; path = "Target Support Files/Pods-flixster-flixsterUITests/Pods-flixster-flixsterUITests.release.xcconfig"; sourceTree = "<group>"; };
/* End PBXFileReference section */

/* Begin PBXFrameworksBuildPhase section */
		B7B393E025D31042002AE73F /* Frameworks */ = {
			isa = PBXFrameworksBuildPhase;
			buildActionMask = 2147483647;
			files = (
				E026D0EA312196C2C9AF5FF2 /* Pods_flixster.framework in Frameworks */,
			);
			runOnlyForDeploymentPostprocessing = 0;
		};
		B7B393F625D31043002AE73F /* Frameworks */ = {
			isa = PBXFrameworksBuildPhase;
			buildActionMask = 2147483647;
			files = (
				140E124DECD0C0A9246D3C97 /* Pods_flixsterTests.framework in Frameworks */,
			);
			runOnlyForDeploymentPostprocessing = 0;
		};
		B7B3940125D31043002AE73F /* Frameworks */ = {
			isa = PBXFrameworksBuildPhase;
			buildActionMask = 2147483647;
			files = (
				1AAFC95C07C9E3FCB4BE12A2 /* Pods_flixster_flixsterUITests.framework in Frameworks */,
			);
			runOnlyForDeploymentPostprocessing = 0;
		};
/* End PBXFrameworksBuildPhase section */

/* Begin PBXGroup section */
		A1972691EDC1BC9BA023274E /* Pods */ = {
			isa = PBXGroup;
			children = (
				B1912A2179B65903B13D7304 /* Pods-flixster.debug.xcconfig */,
				7513615E03EE6648DAA8FF03 /* Pods-flixster.release.xcconfig */,
				293BA307ECC131B1FFAB32EC /* Pods-flixster-flixsterUITests.debug.xcconfig */,
				CB84813ADB91674E8B8A00FE /* Pods-flixster-flixsterUITests.release.xcconfig */,
				BF646E741FA7943CBEFAC359 /* Pods-flixsterTests.debug.xcconfig */,
				0882612EC21ED97F8EF10C4E /* Pods-flixsterTests.release.xcconfig */,
			);
			path = Pods;
			sourceTree = "<group>";
		};
		B7B393DA25D31042002AE73F = {
			isa = PBXGroup;
			children = (
				B7B393E525D31042002AE73F /* flixster */,
				B7B393FC25D31043002AE73F /* flixsterTests */,
				B7B3940725D31043002AE73F /* flixsterUITests */,
				B7B393E425D31042002AE73F /* Products */,
				A1972691EDC1BC9BA023274E /* Pods */,
				EBF059F6511D10704DA1A3D6 /* Frameworks */,
			);
			sourceTree = "<group>";
		};
		B7B393E425D31042002AE73F /* Products */ = {
			isa = PBXGroup;
			children = (
				B7B393E325D31042002AE73F /* flixster.app */,
				B7B393F925D31043002AE73F /* flixsterTests.xctest */,
				B7B3940425D31043002AE73F /* flixsterUITests.xctest */,
			);
			name = Products;
			sourceTree = "<group>";
		};
		B7B393E525D31042002AE73F /* flixster */ = {
			isa = PBXGroup;
			children = (
				B7B393E625D31042002AE73F /* AppDelegate.swift */,
				B72C30CC25D89AFC0056A312 /* VideoViewController.swift */,
				B72C30B725D880840056A312 /* MovieDetailsViewController.swift */,
				B72C30BC25D880C80056A312 /* Main.storyboard */,
				B7B393E825D31042002AE73F /* SceneDelegate.swift */,
				B7B393EA25D31042002AE73F /* MoviesViewController.swift */,
				B7B393EF25D31043002AE73F /* Assets.xcassets */,
				B7B393F125D31043002AE73F /* LaunchScreen.storyboard */,
				B7B393F425D31043002AE73F /* Info.plist */,
				B76FF39525D491A8000616F4 /* MovieCell.swift */,
				B72C30C225D882BD0056A312 /* MovieGridViewController.swift */,
				B72C30C725D886EF0056A312 /* MovieGridCell.swift */,
			);
			path = flixster;
			sourceTree = "<group>";
		};
		B7B393FC25D31043002AE73F /* flixsterTests */ = {
			isa = PBXGroup;
			children = (
				B7B393FD25D31043002AE73F /* flixsterTests.swift */,
				B7B393FF25D31043002AE73F /* Info.plist */,
			);
			path = flixsterTests;
			sourceTree = "<group>";
		};
		B7B3940725D31043002AE73F /* flixsterUITests */ = {
			isa = PBXGroup;
			children = (
				B7B3940825D31043002AE73F /* flixsterUITests.swift */,
				B7B3940A25D31043002AE73F /* Info.plist */,
			);
			path = flixsterUITests;
			sourceTree = "<group>";
		};
		EBF059F6511D10704DA1A3D6 /* Frameworks */ = {
			isa = PBXGroup;
			children = (
				C8628DEEB7066E8B50334A1A /* Pods_flixster.framework */,
				A3A97D75B69B0BB57FE0BF72 /* Pods_flixster_flixsterUITests.framework */,
				6779C526B86373C4ED7E98F9 /* Pods_flixsterTests.framework */,
			);
			name = Frameworks;
			sourceTree = "<group>";
		};
/* End PBXGroup section */

/* Begin PBXNativeTarget section */
		B7B393E225D31042002AE73F /* flixster */ = {
			isa = PBXNativeTarget;
			buildConfigurationList = B7B3940D25D31043002AE73F /* Build configuration list for PBXNativeTarget "flixster" */;
			buildPhases = (
				18245CEBECCDD69B9D91A116 /* [CP] Check Pods Manifest.lock */,
				B7B393DF25D31042002AE73F /* Sources */,
				B7B393E025D31042002AE73F /* Frameworks */,
				B7B393E125D31042002AE73F /* Resources */,
				DE9A8707C193A7D5975E548C /* [CP] Embed Pods Frameworks */,
			);
			buildRules = (
			);
			dependencies = (
			);
			name = flixster;
			productName = flixster;
			productReference = B7B393E325D31042002AE73F /* flixster.app */;
			productType = "com.apple.product-type.application";
		};
		B7B393F825D31043002AE73F /* flixsterTests */ = {
			isa = PBXNativeTarget;
			buildConfigurationList = B7B3941025D31043002AE73F /* Build configuration list for PBXNativeTarget "flixsterTests" */;
			buildPhases = (
				3AF2BB7B24B33866DCDCB0BD /* [CP] Check Pods Manifest.lock */,
				B7B393F525D31043002AE73F /* Sources */,
				B7B393F625D31043002AE73F /* Frameworks */,
				B7B393F725D31043002AE73F /* Resources */,
			);
			buildRules = (
			);
			dependencies = (
				B7B393FB25D31043002AE73F /* PBXTargetDependency */,
			);
			name = flixsterTests;
			productName = flixsterTests;
			productReference = B7B393F925D31043002AE73F /* flixsterTests.xctest */;
			productType = "com.apple.product-type.bundle.unit-test";
		};
		B7B3940325D31043002AE73F /* flixsterUITests */ = {
			isa = PBXNativeTarget;
			buildConfigurationList = B7B3941325D31043002AE73F /* Build configuration list for PBXNativeTarget "flixsterUITests" */;
			buildPhases = (
				68A37BFF90519201A20D4D3D /* [CP] Check Pods Manifest.lock */,
				B7B3940025D31043002AE73F /* Sources */,
				B7B3940125D31043002AE73F /* Frameworks */,
				B7B3940225D31043002AE73F /* Resources */,
				5D789008FB1B3D412D8BC994 /* [CP] Embed Pods Frameworks */,
			);
			buildRules = (
			);
			dependencies = (
				B7B3940625D31043002AE73F /* PBXTargetDependency */,
			);
			name = flixsterUITests;
			productName = flixsterUITests;
			productReference = B7B3940425D31043002AE73F /* flixsterUITests.xctest */;
			productType = "com.apple.product-type.bundle.ui-testing";
		};
/* End PBXNativeTarget section */

/* Begin PBXProject section */
		B7B393DB25D31042002AE73F /* Project object */ = {
			isa = PBXProject;
			attributes = {
				LastSwiftUpdateCheck = 1240;
				LastUpgradeCheck = 1240;
				TargetAttributes = {
					B7B393E225D31042002AE73F = {
						CreatedOnToolsVersion = 12.4;
					};
					B7B393F825D31043002AE73F = {
						CreatedOnToolsVersion = 12.4;
						TestTargetID = B7B393E225D31042002AE73F;
					};
					B7B3940325D31043002AE73F = {
						CreatedOnToolsVersion = 12.4;
						TestTargetID = B7B393E225D31042002AE73F;
					};
				};
			};
			buildConfigurationList = B7B393DE25D31042002AE73F /* Build configuration list for PBXProject "flixster" */;
			compatibilityVersion = "Xcode 9.3";
			developmentRegion = en;
			hasScannedForEncodings = 0;
			knownRegions = (
				en,
				Base,
			);
			mainGroup = B7B393DA25D31042002AE73F;
			productRefGroup = B7B393E425D31042002AE73F /* Products */;
			projectDirPath = "";
			projectRoot = "";
			targets = (
				B7B393E225D31042002AE73F /* flixster */,
				B7B393F825D31043002AE73F /* flixsterTests */,
				B7B3940325D31043002AE73F /* flixsterUITests */,
			);
		};
/* End PBXProject section */

/* Begin PBXResourcesBuildPhase section */
		B7B393E125D31042002AE73F /* Resources */ = {
			isa = PBXResourcesBuildPhase;
			buildActionMask = 2147483647;
			files = (
				B72C30BE25D880C80056A312 /* Main.storyboard in Resources */,
				B7B393F325D31043002AE73F /* LaunchScreen.storyboard in Resources */,
				B7B393F025D31043002AE73F /* Assets.xcassets in Resources */,
			);
			runOnlyForDeploymentPostprocessing = 0;
		};
		B7B393F725D31043002AE73F /* Resources */ = {
			isa = PBXResourcesBuildPhase;
			buildActionMask = 2147483647;
			files = (
			);
			runOnlyForDeploymentPostprocessing = 0;
		};
		B7B3940225D31043002AE73F /* Resources */ = {
			isa = PBXResourcesBuildPhase;
			buildActionMask = 2147483647;
			files = (
			);
			runOnlyForDeploymentPostprocessing = 0;
		};
/* End PBXResourcesBuildPhase section */

/* Begin PBXShellScriptBuildPhase section */
		18245CEBECCDD69B9D91A116 /* [CP] Check Pods Manifest.lock */ = {
			isa = PBXShellScriptBuildPhase;
			buildActionMask = 2147483647;
			files = (
			);
			inputFileListPaths = (
			);
			inputPaths = (
				"${PODS_PODFILE_DIR_PATH}/Podfile.lock",
				"${PODS_ROOT}/Manifest.lock",
			);
			name = "[CP] Check Pods Manifest.lock";
			outputFileListPaths = (
			);
			outputPaths = (
				"$(DERIVED_FILE_DIR)/Pods-flixster-checkManifestLockResult.txt",
			);
			runOnlyForDeploymentPostprocessing = 0;
			shellPath = /bin/sh;
			shellScript = "diff \"${PODS_PODFILE_DIR_PATH}/Podfile.lock\" \"${PODS_ROOT}/Manifest.lock\" > /dev/null\nif [ $? != 0 ] ; then\n    # print error to STDERR\n    echo \"error: The sandbox is not in sync with the Podfile.lock. Run 'pod install' or update your CocoaPods installation.\" >&2\n    exit 1\nfi\n# This output is used by Xcode 'outputs' to avoid re-running this script phase.\necho \"SUCCESS\" > \"${SCRIPT_OUTPUT_FILE_0}\"\n";
			showEnvVarsInLog = 0;
		};
		3AF2BB7B24B33866DCDCB0BD /* [CP] Check Pods Manifest.lock */ = {
			isa = PBXShellScriptBuildPhase;
			buildActionMask = 2147483647;
			files = (
			);
			inputFileListPaths = (
			);
			inputPaths = (
				"${PODS_PODFILE_DIR_PATH}/Podfile.lock",
				"${PODS_ROOT}/Manifest.lock",
			);
			name = "[CP] Check Pods Manifest.lock";
			outputFileListPaths = (
			);
			outputPaths = (
				"$(DERIVED_FILE_DIR)/Pods-flixsterTests-checkManifestLockResult.txt",
			);
			runOnlyForDeploymentPostprocessing = 0;
			shellPath = /bin/sh;
			shellScript = "diff \"${PODS_PODFILE_DIR_PATH}/Podfile.lock\" \"${PODS_ROOT}/Manifest.lock\" > /dev/null\nif [ $? != 0 ] ; then\n    # print error to STDERR\n    echo \"error: The sandbox is not in sync with the Podfile.lock. Run 'pod install' or update your CocoaPods installation.\" >&2\n    exit 1\nfi\n# This output is used by Xcode 'outputs' to avoid re-running this script phase.\necho \"SUCCESS\" > \"${SCRIPT_OUTPUT_FILE_0}\"\n";
			showEnvVarsInLog = 0;
		};
		5D789008FB1B3D412D8BC994 /* [CP] Embed Pods Frameworks */ = {
			isa = PBXShellScriptBuildPhase;
			buildActionMask = 2147483647;
			files = (
			);
			inputFileListPaths = (
				"${PODS_ROOT}/Target Support Files/Pods-flixster-flixsterUITests/Pods-flixster-flixsterUITests-frameworks-${CONFIGURATION}-input-files.xcfilelist",
			);
			name = "[CP] Embed Pods Frameworks";
			outputFileListPaths = (
				"${PODS_ROOT}/Target Support Files/Pods-flixster-flixsterUITests/Pods-flixster-flixsterUITests-frameworks-${CONFIGURATION}-output-files.xcfilelist",
			);
			runOnlyForDeploymentPostprocessing = 0;
			shellPath = /bin/sh;
			shellScript = "\"${PODS_ROOT}/Target Support Files/Pods-flixster-flixsterUITests/Pods-flixster-flixsterUITests-frameworks.sh\"\n";
			showEnvVarsInLog = 0;
		};
		68A37BFF90519201A20D4D3D /* [CP] Check Pods Manifest.lock */ = {
			isa = PBXShellScriptBuildPhase;
			buildActionMask = 2147483647;
			files = (
			);
			inputFileListPaths = (
			);
			inputPaths = (
				"${PODS_PODFILE_DIR_PATH}/Podfile.lock",
				"${PODS_ROOT}/Manifest.lock",
			);
			name = "[CP] Check Pods Manifest.lock";
			outputFileListPaths = (
			);
			outputPaths = (
				"$(DERIVED_FILE_DIR)/Pods-flixster-flixsterUITests-checkManifestLockResult.txt",
			);
			runOnlyForDeploymentPostprocessing = 0;
			shellPath = /bin/sh;
			shellScript = "diff \"${PODS_PODFILE_DIR_PATH}/Podfile.lock\" \"${PODS_ROOT}/Manifest.lock\" > /dev/null\nif [ $? != 0 ] ; then\n    # print error to STDERR\n    echo \"error: The sandbox is not in sync with the Podfile.lock. Run 'pod install' or update your CocoaPods installation.\" >&2\n    exit 1\nfi\n# This output is used by Xcode 'outputs' to avoid re-running this script phase.\necho \"SUCCESS\" > \"${SCRIPT_OUTPUT_FILE_0}\"\n";
			showEnvVarsInLog = 0;
		};
		DE9A8707C193A7D5975E548C /* [CP] Embed Pods Frameworks */ = {
			isa = PBXShellScriptBuildPhase;
			buildActionMask = 2147483647;
			files = (
			);
			inputFileListPaths = (
				"${PODS_ROOT}/Target Support Files/Pods-flixster/Pods-flixster-frameworks-${CONFIGURATION}-input-files.xcfilelist",
			);
			name = "[CP] Embed Pods Frameworks";
			outputFileListPaths = (
				"${PODS_ROOT}/Target Support Files/Pods-flixster/Pods-flixster-frameworks-${CONFIGURATION}-output-files.xcfilelist",
			);
			runOnlyForDeploymentPostprocessing = 0;
			shellPath = /bin/sh;
			shellScript = "\"${PODS_ROOT}/Target Support Files/Pods-flixster/Pods-flixster-frameworks.sh\"\n";
			showEnvVarsInLog = 0;
		};
/* End PBXShellScriptBuildPhase section */

/* Begin PBXSourcesBuildPhase section */
		B7B393DF25D31042002AE73F /* Sources */ = {
			isa = PBXSourcesBuildPhase;
			buildActionMask = 2147483647;
			files = (
				B72C30B825D880840056A312 /* MovieDetailsViewController.swift in Sources */,
				B7B393EB25D31042002AE73F /* MoviesViewController.swift in Sources */,
				B72C30CD25D89AFC0056A312 /* VideoViewController.swift in Sources */,
				B7B393E725D31042002AE73F /* AppDelegate.swift in Sources */,
				B76FF39625D491A8000616F4 /* MovieCell.swift in Sources */,
				B7B393E925D31042002AE73F /* SceneDelegate.swift in Sources */,
				B72C30C325D882BD0056A312 /* MovieGridViewController.swift in Sources */,
				B72C30C825D886EF0056A312 /* MovieGridCell.swift in Sources */,
			);
			runOnlyForDeploymentPostprocessing = 0;
		};
		B7B393F525D31043002AE73F /* Sources */ = {
			isa = PBXSourcesBuildPhase;
			buildActionMask = 2147483647;
			files = (
				B7B393FE25D31043002AE73F /* flixsterTests.swift in Sources */,
			);
			runOnlyForDeploymentPostprocessing = 0;
		};
		B7B3940025D31043002AE73F /* Sources */ = {
			isa = PBXSourcesBuildPhase;
			buildActionMask = 2147483647;
			files = (
				B7B3940925D31043002AE73F /* flixsterUITests.swift in Sources */,
			);
			runOnlyForDeploymentPostprocessing = 0;
		};
/* End PBXSourcesBuildPhase section */

/* Begin PBXTargetDependency section */
		B7B393FB25D31043002AE73F /* PBXTargetDependency */ = {
			isa = PBXTargetDependency;
			target = B7B393E225D31042002AE73F /* flixster */;
			targetProxy = B7B393FA25D31043002AE73F /* PBXContainerItemProxy */;
		};
		B7B3940625D31043002AE73F /* PBXTargetDependency */ = {
			isa = PBXTargetDependency;
			target = B7B393E225D31042002AE73F /* flixster */;
			targetProxy = B7B3940525D31043002AE73F /* PBXContainerItemProxy */;
		};
/* End PBXTargetDependency section */

/* Begin PBXVariantGroup section */
		B72C30BC25D880C80056A312 /* Main.storyboard */ = {
			isa = PBXVariantGroup;
			children = (
				B72C30BD25D880C80056A312 /* Base */,
			);
			name = Main.storyboard;
			sourceTree = "<group>";
		};
		B7B393F125D31043002AE73F /* LaunchScreen.storyboard */ = {
			isa = PBXVariantGroup;
			children = (
				B7B393F225D31043002AE73F /* Base */,
			);
			name = LaunchScreen.storyboard;
			sourceTree = "<group>";
		};
/* End PBXVariantGroup section */

/* Begin XCBuildConfiguration section */
		B7B3940B25D31043002AE73F /* Debug */ = {
			isa = XCBuildConfiguration;
			buildSettings = {
				ALWAYS_SEARCH_USER_PATHS = NO;
				CLANG_ANALYZER_NONNULL = YES;
				CLANG_ANALYZER_NUMBER_OBJECT_CONVERSION = YES_AGGRESSIVE;
				CLANG_CXX_LANGUAGE_STANDARD = "gnu++14";
				CLANG_CXX_LIBRARY = "libc++";
				CLANG_ENABLE_MODULES = YES;
				CLANG_ENABLE_OBJC_ARC = YES;
				CLANG_ENABLE_OBJC_WEAK = YES;
				CLANG_WARN_BLOCK_CAPTURE_AUTORELEASING = YES;
				CLANG_WARN_BOOL_CONVERSION = YES;
				CLANG_WARN_COMMA = YES;
				CLANG_WARN_CONSTANT_CONVERSION = YES;
				CLANG_WARN_DEPRECATED_OBJC_IMPLEMENTATIONS = YES;
				CLANG_WARN_DIRECT_OBJC_ISA_USAGE = YES_ERROR;
				CLANG_WARN_DOCUMENTATION_COMMENTS = YES;
				CLANG_WARN_EMPTY_BODY = YES;
				CLANG_WARN_ENUM_CONVERSION = YES;
				CLANG_WARN_INFINITE_RECURSION = YES;
				CLANG_WARN_INT_CONVERSION = YES;
				CLANG_WARN_NON_LITERAL_NULL_CONVERSION = YES;
				CLANG_WARN_OBJC_IMPLICIT_RETAIN_SELF = YES;
				CLANG_WARN_OBJC_LITERAL_CONVERSION = YES;
				CLANG_WARN_OBJC_ROOT_CLASS = YES_ERROR;
				CLANG_WARN_QUOTED_INCLUDE_IN_FRAMEWORK_HEADER = YES;
				CLANG_WARN_RANGE_LOOP_ANALYSIS = YES;
				CLANG_WARN_STRICT_PROTOTYPES = YES;
				CLANG_WARN_SUSPICIOUS_MOVE = YES;
				CLANG_WARN_UNGUARDED_AVAILABILITY = YES_AGGRESSIVE;
				CLANG_WARN_UNREACHABLE_CODE = YES;
				CLANG_WARN__DUPLICATE_METHOD_MATCH = YES;
				COPY_PHASE_STRIP = NO;
				DEBUG_INFORMATION_FORMAT = dwarf;
				ENABLE_STRICT_OBJC_MSGSEND = YES;
				ENABLE_TESTABILITY = YES;
				GCC_C_LANGUAGE_STANDARD = gnu11;
				GCC_DYNAMIC_NO_PIC = NO;
				GCC_NO_COMMON_BLOCKS = YES;
				GCC_OPTIMIZATION_LEVEL = 0;
				GCC_PREPROCESSOR_DEFINITIONS = (
					"DEBUG=1",
					"$(inherited)",
				);
				GCC_WARN_64_TO_32_BIT_CONVERSION = YES;
				GCC_WARN_ABOUT_RETURN_TYPE = YES_ERROR;
				GCC_WARN_UNDECLARED_SELECTOR = YES;
				GCC_WARN_UNINITIALIZED_AUTOS = YES_AGGRESSIVE;
				GCC_WARN_UNUSED_FUNCTION = YES;
				GCC_WARN_UNUSED_VARIABLE = YES;
				IPHONEOS_DEPLOYMENT_TARGET = 14.4;
				MTL_ENABLE_DEBUG_INFO = INCLUDE_SOURCE;
				MTL_FAST_MATH = YES;
				ONLY_ACTIVE_ARCH = YES;
				SDKROOT = iphoneos;
				SWIFT_ACTIVE_COMPILATION_CONDITIONS = DEBUG;
				SWIFT_OPTIMIZATION_LEVEL = "-Onone";
			};
			name = Debug;
		};
		B7B3940C25D31043002AE73F /* Release */ = {
			isa = XCBuildConfiguration;
			buildSettings = {
				ALWAYS_SEARCH_USER_PATHS = NO;
				CLANG_ANALYZER_NONNULL = YES;
				CLANG_ANALYZER_NUMBER_OBJECT_CONVERSION = YES_AGGRESSIVE;
				CLANG_CXX_LANGUAGE_STANDARD = "gnu++14";
				CLANG_CXX_LIBRARY = "libc++";
				CLANG_ENABLE_MODULES = YES;
				CLANG_ENABLE_OBJC_ARC = YES;
				CLANG_ENABLE_OBJC_WEAK = YES;
				CLANG_WARN_BLOCK_CAPTURE_AUTORELEASING = YES;
				CLANG_WARN_BOOL_CONVERSION = YES;
				CLANG_WARN_COMMA = YES;
				CLANG_WARN_CONSTANT_CONVERSION = YES;
				CLANG_WARN_DEPRECATED_OBJC_IMPLEMENTATIONS = YES;
				CLANG_WARN_DIRECT_OBJC_ISA_USAGE = YES_ERROR;
				CLANG_WARN_DOCUMENTATION_COMMENTS = YES;
				CLANG_WARN_EMPTY_BODY = YES;
				CLANG_WARN_ENUM_CONVERSION = YES;
				CLANG_WARN_INFINITE_RECURSION = YES;
				CLANG_WARN_INT_CONVERSION = YES;
				CLANG_WARN_NON_LITERAL_NULL_CONVERSION = YES;
				CLANG_WARN_OBJC_IMPLICIT_RETAIN_SELF = YES;
				CLANG_WARN_OBJC_LITERAL_CONVERSION = YES;
				CLANG_WARN_OBJC_ROOT_CLASS = YES_ERROR;
				CLANG_WARN_QUOTED_INCLUDE_IN_FRAMEWORK_HEADER = YES;
				CLANG_WARN_RANGE_LOOP_ANALYSIS = YES;
				CLANG_WARN_STRICT_PROTOTYPES = YES;
				CLANG_WARN_SUSPICIOUS_MOVE = YES;
				CLANG_WARN_UNGUARDED_AVAILABILITY = YES_AGGRESSIVE;
				CLANG_WARN_UNREACHABLE_CODE = YES;
				CLANG_WARN__DUPLICATE_METHOD_MATCH = YES;
				COPY_PHASE_STRIP = NO;
				DEBUG_INFORMATION_FORMAT = "dwarf-with-dsym";
				ENABLE_NS_ASSERTIONS = NO;
				ENABLE_STRICT_OBJC_MSGSEND = YES;
				GCC_C_LANGUAGE_STANDARD = gnu11;
				GCC_NO_COMMON_BLOCKS = YES;
				GCC_WARN_64_TO_32_BIT_CONVERSION = YES;
				GCC_WARN_ABOUT_RETURN_TYPE = YES_ERROR;
				GCC_WARN_UNDECLARED_SELECTOR = YES;
				GCC_WARN_UNINITIALIZED_AUTOS = YES_AGGRESSIVE;
				GCC_WARN_UNUSED_FUNCTION = YES;
				GCC_WARN_UNUSED_VARIABLE = YES;
				IPHONEOS_DEPLOYMENT_TARGET = 14.4;
				MTL_ENABLE_DEBUG_INFO = NO;
				MTL_FAST_MATH = YES;
				SDKROOT = iphoneos;
				SWIFT_COMPILATION_MODE = wholemodule;
				SWIFT_OPTIMIZATION_LEVEL = "-O";
				VALIDATE_PRODUCT = YES;
			};
			name = Release;
		};
		B7B3940E25D31043002AE73F /* Debug */ = {
			isa = XCBuildConfiguration;
			baseConfigurationReference = B1912A2179B65903B13D7304 /* Pods-flixster.debug.xcconfig */;
			buildSettings = {
				ASSETCATALOG_COMPILER_APPICON_NAME = AppIcon;
				ASSETCATALOG_COMPILER_GLOBAL_ACCENT_COLOR_NAME = AccentColor;
				CODE_SIGN_STYLE = Automatic;
				INFOPLIST_FILE = flixster/Info.plist;
				LD_RUNPATH_SEARCH_PATHS = (
					"$(inherited)",
					"@executable_path/Frameworks",
				);
				PRODUCT_BUNDLE_IDENTIFIER = Berk.flixster;
				PRODUCT_NAME = "$(TARGET_NAME)";
				SWIFT_VERSION = 5.0;
				TARGETED_DEVICE_FAMILY = "1,2";
			};
			name = Debug;
		};
		B7B3940F25D31043002AE73F /* Release */ = {
			isa = XCBuildConfiguration;
			baseConfigurationReference = 7513615E03EE6648DAA8FF03 /* Pods-flixster.release.xcconfig */;
			buildSettings = {
				ASSETCATALOG_COMPILER_APPICON_NAME = AppIcon;
				ASSETCATALOG_COMPILER_GLOBAL_ACCENT_COLOR_NAME = AccentColor;
				CODE_SIGN_STYLE = Automatic;
				INFOPLIST_FILE = flixster/Info.plist;
				LD_RUNPATH_SEARCH_PATHS = (
					"$(inherited)",
					"@executable_path/Frameworks",
				);
				PRODUCT_BUNDLE_IDENTIFIER = Berk.flixster;
				PRODUCT_NAME = "$(TARGET_NAME)";
				SWIFT_VERSION = 5.0;
				TARGETED_DEVICE_FAMILY = "1,2";
			};
			name = Release;
		};
		B7B3941125D31043002AE73F /* Debug */ = {
			isa = XCBuildConfiguration;
			baseConfigurationReference = BF646E741FA7943CBEFAC359 /* Pods-flixsterTests.debug.xcconfig */;
			buildSettings = {
				ALWAYS_EMBED_SWIFT_STANDARD_LIBRARIES = YES;
				BUNDLE_LOADER = "$(TEST_HOST)";
				CODE_SIGN_STYLE = Automatic;
				INFOPLIST_FILE = flixsterTests/Info.plist;
				IPHONEOS_DEPLOYMENT_TARGET = 14.4;
				LD_RUNPATH_SEARCH_PATHS = (
					"$(inherited)",
					"@executable_path/Frameworks",
					"@loader_path/Frameworks",
				);
				PRODUCT_BUNDLE_IDENTIFIER = Berk.flixsterTests;
				PRODUCT_NAME = "$(TARGET_NAME)";
				SWIFT_VERSION = 5.0;
				TARGETED_DEVICE_FAMILY = "1,2";
				TEST_HOST = "$(BUILT_PRODUCTS_DIR)/flixster.app/flixster";
			};
			name = Debug;
		};
		B7B3941225D31043002AE73F /* Release */ = {
			isa = XCBuildConfiguration;
			baseConfigurationReference = 0882612EC21ED97F8EF10C4E /* Pods-flixsterTests.release.xcconfig */;
			buildSettings = {
				ALWAYS_EMBED_SWIFT_STANDARD_LIBRARIES = YES;
				BUNDLE_LOADER = "$(TEST_HOST)";
				CODE_SIGN_STYLE = Automatic;
				INFOPLIST_FILE = flixsterTests/Info.plist;
				IPHONEOS_DEPLOYMENT_TARGET = 14.4;
				LD_RUNPATH_SEARCH_PATHS = (
					"$(inherited)",
					"@executable_path/Frameworks",
					"@loader_path/Frameworks",
				);
				PRODUCT_BUNDLE_IDENTIFIER = Berk.flixsterTests;
				PRODUCT_NAME = "$(TARGET_NAME)";
				SWIFT_VERSION = 5.0;
				TARGETED_DEVICE_FAMILY = "1,2";
				TEST_HOST = "$(BUILT_PRODUCTS_DIR)/flixster.app/flixster";
			};
			name = Release;
		};
		B7B3941425D31043002AE73F /* Debug */ = {
			isa = XCBuildConfiguration;
			baseConfigurationReference = 293BA307ECC131B1FFAB32EC /* Pods-flixster-flixsterUITests.debug.xcconfig */;
			buildSettings = {
				ALWAYS_EMBED_SWIFT_STANDARD_LIBRARIES = YES;
				CODE_SIGN_STYLE = Automatic;
				INFOPLIST_FILE = flixsterUITests/Info.plist;
				LD_RUNPATH_SEARCH_PATHS = (
					"$(inherited)",
					"@executable_path/Frameworks",
					"@loader_path/Frameworks",
				);
				PRODUCT_BUNDLE_IDENTIFIER = Berk.flixsterUITests;
				PRODUCT_NAME = "$(TARGET_NAME)";
				SWIFT_VERSION = 5.0;
				TARGETED_DEVICE_FAMILY = "1,2";
				TEST_TARGET_NAME = flixster;
			};
			name = Debug;
		};
		B7B3941525D31043002AE73F /* Release */ = {
			isa = XCBuildConfiguration;
			baseConfigurationReference = CB84813ADB91674E8B8A00FE /* Pods-flixster-flixsterUITests.release.xcconfig */;
			buildSettings = {
				ALWAYS_EMBED_SWIFT_STANDARD_LIBRARIES = YES;
				CODE_SIGN_STYLE = Automatic;
				INFOPLIST_FILE = flixsterUITests/Info.plist;
				LD_RUNPATH_SEARCH_PATHS = (
					"$(inherited)",
					"@executable_path/Frameworks",
					"@loader_path/Frameworks",
				);
				PRODUCT_BUNDLE_IDENTIFIER = Berk.flixsterUITests;
				PRODUCT_NAME = "$(TARGET_NAME)";
				SWIFT_VERSION = 5.0;
				TARGETED_DEVICE_FAMILY = "1,2";
				TEST_TARGET_NAME = flixster;
			};
			name = Release;
		};
/* End XCBuildConfiguration section */

/* Begin XCConfigurationList section */
		B7B393DE25D31042002AE73F /* Build configuration list for PBXProject "flixster" */ = {
			isa = XCConfigurationList;
			buildConfigurations = (
				B7B3940B25D31043002AE73F /* Debug */,
				B7B3940C25D31043002AE73F /* Release */,
			);
			defaultConfigurationIsVisible = 0;
			defaultConfigurationName = Release;
		};
		B7B3940D25D31043002AE73F /* Build configuration list for PBXNativeTarget "flixster" */ = {
			isa = XCConfigurationList;
			buildConfigurations = (
				B7B3940E25D31043002AE73F /* Debug */,
				B7B3940F25D31043002AE73F /* Release */,
			);
			defaultConfigurationIsVisible = 0;
			defaultConfigurationName = Release;
		};
		B7B3941025D31043002AE73F /* Build configuration list for PBXNativeTarget "flixsterTests" */ = {
			isa = XCConfigurationList;
			buildConfigurations = (
				B7B3941125D31043002AE73F /* Debug */,
				B7B3941225D31043002AE73F /* Release */,
			);
			defaultConfigurationIsVisible = 0;
			defaultConfigurationName = Release;
		};
		B7B3941325D31043002AE73F /* Build configuration list for PBXNativeTarget "flixsterUITests" */ = {
			isa = XCConfigurationList;
			buildConfigurations = (
				B7B3941425D31043002AE73F /* Debug */,
				B7B3941525D31043002AE73F /* Release */,
			);
			defaultConfigurationIsVisible = 0;
			defaultConfigurationName = Release;
		};
/* End XCConfigurationList section */
	};
	rootObject = B7B393DB25D31042002AE73F /* Project object */;
}
